
Microsoft Visual Studio Solution File, Format Version 12.00
# Visual Studio Version 17
VisualStudioVersion = 17.10.35013.160
MinimumVisualStudioVersion = 10.0.40219.1
Project("{9A19103F-16F7-4668-BE54-9A1E7A4F7556}") = "market-api", "market-api\market-api.csproj", "{95B4DE66-8B97-41C2-AAF8-95F485D541E2}"
	ProjectSection(ProjectDependencies) = postProject
		{0893A6FC-7446-46C5-9A8D-CBC5CC6DDDBB} = {0893A6FC-7446-46C5-9A8D-CBC5CC6DDDBB}
	EndProjectSection
EndProject
Project("{9A19103F-16F7-4668-BE54-9A1E7A4F7556}") = "Core", "Core\Core.csproj", "{D1FB18F7-E9DC-4349-B59B-2EF38B208617}"
EndProject
Project("{9A19103F-16F7-4668-BE54-9A1E7A4F7556}") = "Infrastructure", "Infrastrucure\Infrastructure.csproj", "{0893A6FC-7446-46C5-9A8D-CBC5CC6DDDBB}"
	ProjectSection(ProjectDependencies) = postProject
		{D1FB18F7-E9DC-4349-B59B-2EF38B208617} = {D1FB18F7-E9DC-4349-B59B-2EF38B208617}
	EndProjectSection
EndProject
Global
	GlobalSection(SolutionConfigurationPlatforms) = preSolution
		Debug|Any CPU = Debug|Any CPU
		Release|Any CPU = Release|Any CPU
	EndGlobalSection
	GlobalSection(ProjectConfigurationPlatforms) = postSolution
		{95B4DE66-8B97-41C2-AAF8-95F485D541E2}.Debug|Any CPU.ActiveCfg = Debug|Any CPU
		{95B4DE66-8B97-41C2-AAF8-95F485D541E2}.Debug|Any CPU.Build.0 = Debug|Any CPU
		{95B4DE66-8B97-41C2-AAF8-95F485D541E2}.Release|Any CPU.ActiveCfg = Release|Any CPU
		{95B4DE66-8B97-41C2-AAF8-95F485D541E2}.Release|Any CPU.Build.0 = Release|Any CPU
		{D1FB18F7-E9DC-4349-B59B-2EF38B208617}.Debug|Any CPU.ActiveCfg = Debug|Any CPU
		{D1FB18F7-E9DC-4349-B59B-2EF38B208617}.Debug|Any CPU.Build.0 = Debug|Any CPU
		{D1FB18F7-E9DC-4349-B59B-2EF38B208617}.Release|Any CPU.ActiveCfg = Release|Any CPU
		{D1FB18F7-E9DC-4349-B59B-2EF38B208617}.Release|Any CPU.Build.0 = Release|Any CPU
		{0893A6FC-7446-46C5-9A8D-CBC5CC6DDDBB}.Debug|Any CPU.ActiveCfg = Debug|Any CPU
		{0893A6FC-7446-46C5-9A8D-CBC5CC6DDDBB}.Debug|Any CPU.Build.0 = Debug|Any CPU
		{0893A6FC-7446-46C5-9A8D-CBC5CC6DDDBB}.Release|Any CPU.ActiveCfg = Release|Any CPU
		{0893A6FC-7446-46C5-9A8D-CBC5CC6DDDBB}.Release|Any CPU.Build.0 = Release|Any CPU
	EndGlobalSection
	GlobalSection(SolutionProperties) = preSolution
		HideSolutionNode = FALSE
	EndGlobalSection
	GlobalSection(ExtensibilityGlobals) = postSolution
		SolutionGuid = {C46F37EC-5826-4C24-8022-457D733D424C}
	EndGlobalSection
EndGlobal
